
Microsoft Visual Studio Solution File, Format Version 12.00
# Visual Studio Version 17
VisualStudioVersion = 17.4.33205.214
MinimumVisualStudioVersion = 10.0.40219.1
Project("{FAE04EC0-301F-11D3-BF4B-00C04F79EFBC}") = "orderBy", "orderBy\orderBy.csproj", "{BD380B0B-9630-4259-866C-09E9280F0707}"
EndProject
Global
	GlobalSection(SolutionConfigurationPlatforms) = preSolution
		Debug|Any CPU = Debug|Any CPU
		Release|Any CPU = Release|Any CPU
	EndGlobalSection
	GlobalSection(ProjectConfigurationPlatforms) = postSolution
		{BD380B0B-9630-4259-866C-09E9280F0707}.Debug|Any CPU.ActiveCfg = Debug|Any CPU
		{BD380B0B-9630-4259-866C-09E9280F0707}.Debug|Any CPU.Build.0 = Debug|Any CPU
		{BD380B0B-9630-4259-866C-09E9280F0707}.Release|Any CPU.ActiveCfg = Release|Any CPU
		{BD380B0B-9630-4259-866C-09E9280F0707}.Release|Any CPU.Build.0 = Release|Any CPU
	EndGlobalSection
	GlobalSection(SolutionProperties) = preSolution
		HideSolutionNode = FALSE
	EndGlobalSection
	GlobalSection(ExtensibilityGlobals) = postSolution
		SolutionGuid = {73D1BF0F-90D3-48D6-A172-30EBCFB4A800}
	EndGlobalSection
EndGlobal
