
Microsoft Visual Studio Solution File, Format Version 12.00
# Visual Studio Version 17
VisualStudioVersion = 17.4.33205.214
MinimumVisualStudioVersion = 10.0.40219.1
Project("{FAE04EC0-301F-11D3-BF4B-00C04F79EFBC}") = "all", "all\all.csproj", "{42EF4B21-9076-4206-84E5-C5875CDE7D38}"
EndProject
Global
	GlobalSection(SolutionConfigurationPlatforms) = preSolution
		Debug|Any CPU = Debug|Any CPU
		Release|Any CPU = Release|Any CPU
	EndGlobalSection
	GlobalSection(ProjectConfigurationPlatforms) = postSolution
		{42EF4B21-9076-4206-84E5-C5875CDE7D38}.Debug|Any CPU.ActiveCfg = Debug|Any CPU
		{42EF4B21-9076-4206-84E5-C5875CDE7D38}.Debug|Any CPU.Build.0 = Debug|Any CPU
		{42EF4B21-9076-4206-84E5-C5875CDE7D38}.Release|Any CPU.ActiveCfg = Release|Any CPU
		{42EF4B21-9076-4206-84E5-C5875CDE7D38}.Release|Any CPU.Build.0 = Release|Any CPU
	EndGlobalSection
	GlobalSection(SolutionProperties) = preSolution
		HideSolutionNode = FALSE
	EndGlobalSection
	GlobalSection(ExtensibilityGlobals) = postSolution
		SolutionGuid = {A44F25AD-61C6-4B7E-BF3E-F388245999E9}
	EndGlobalSection
EndGlobal
