
Microsoft Visual Studio Solution File, Format Version 12.00
# Visual Studio Version 17
VisualStudioVersion = 17.4.33205.214
MinimumVisualStudioVersion = 10.0.40219.1
Project("{FAE04EC0-301F-11D3-BF4B-00C04F79EFBC}") = "promedios", "promedios\promedios.csproj", "{38F9072A-E94D-4AD9-AC91-90B16057F940}"
EndProject
Global
	GlobalSection(SolutionConfigurationPlatforms) = preSolution
		Debug|Any CPU = Debug|Any CPU
		Release|Any CPU = Release|Any CPU
	EndGlobalSection
	GlobalSection(ProjectConfigurationPlatforms) = postSolution
		{38F9072A-E94D-4AD9-AC91-90B16057F940}.Debug|Any CPU.ActiveCfg = Debug|Any CPU
		{38F9072A-E94D-4AD9-AC91-90B16057F940}.Debug|Any CPU.Build.0 = Debug|Any CPU
		{38F9072A-E94D-4AD9-AC91-90B16057F940}.Release|Any CPU.ActiveCfg = Release|Any CPU
		{38F9072A-E94D-4AD9-AC91-90B16057F940}.Release|Any CPU.Build.0 = Release|Any CPU
	EndGlobalSection
	GlobalSection(SolutionProperties) = preSolution
		HideSolutionNode = FALSE
	EndGlobalSection
	GlobalSection(ExtensibilityGlobals) = postSolution
		SolutionGuid = {51EA5747-D773-4619-86AA-4DD82E9656BC}
	EndGlobalSection
EndGlobal
