
Microsoft Visual Studio Solution File, Format Version 12.00
# Visual Studio Version 17
VisualStudioVersion = 17.4.33205.214
MinimumVisualStudioVersion = 10.0.40219.1
Project("{FAE04EC0-301F-11D3-BF4B-00C04F79EFBC}") = "ofType", "ofType\ofType.csproj", "{0DFAEE72-3571-4773-A224-78D25F12DEB6}"
EndProject
Global
	GlobalSection(SolutionConfigurationPlatforms) = preSolution
		Debug|Any CPU = Debug|Any CPU
		Release|Any CPU = Release|Any CPU
	EndGlobalSection
	GlobalSection(ProjectConfigurationPlatforms) = postSolution
		{0DFAEE72-3571-4773-A224-78D25F12DEB6}.Debug|Any CPU.ActiveCfg = Debug|Any CPU
		{0DFAEE72-3571-4773-A224-78D25F12DEB6}.Debug|Any CPU.Build.0 = Debug|Any CPU
		{0DFAEE72-3571-4773-A224-78D25F12DEB6}.Release|Any CPU.ActiveCfg = Release|Any CPU
		{0DFAEE72-3571-4773-A224-78D25F12DEB6}.Release|Any CPU.Build.0 = Release|Any CPU
	EndGlobalSection
	GlobalSection(SolutionProperties) = preSolution
		HideSolutionNode = FALSE
	EndGlobalSection
	GlobalSection(ExtensibilityGlobals) = postSolution
		SolutionGuid = {3A50ECD6-6353-448C-B251-F8233F8D4B28}
	EndGlobalSection
EndGlobal
