
Microsoft Visual Studio Solution File, Format Version 12.00
# Visual Studio Version 17
VisualStudioVersion = 17.4.33205.214
MinimumVisualStudioVersion = 10.0.40219.1
Project("{FAE04EC0-301F-11D3-BF4B-00C04F79EFBC}") = "firts", "firts\firts.csproj", "{FB916E61-5263-45FF-948C-7034FE4429AC}"
EndProject
Global
	GlobalSection(SolutionConfigurationPlatforms) = preSolution
		Debug|Any CPU = Debug|Any CPU
		Release|Any CPU = Release|Any CPU
	EndGlobalSection
	GlobalSection(ProjectConfigurationPlatforms) = postSolution
		{FB916E61-5263-45FF-948C-7034FE4429AC}.Debug|Any CPU.ActiveCfg = Debug|Any CPU
		{FB916E61-5263-45FF-948C-7034FE4429AC}.Debug|Any CPU.Build.0 = Debug|Any CPU
		{FB916E61-5263-45FF-948C-7034FE4429AC}.Release|Any CPU.ActiveCfg = Release|Any CPU
		{FB916E61-5263-45FF-948C-7034FE4429AC}.Release|Any CPU.Build.0 = Release|Any CPU
	EndGlobalSection
	GlobalSection(SolutionProperties) = preSolution
		HideSolutionNode = FALSE
	EndGlobalSection
	GlobalSection(ExtensibilityGlobals) = postSolution
		SolutionGuid = {A3882CD7-D1F0-4D74-A226-185206EF7930}
	EndGlobalSection
EndGlobal
